{
  "name": "npm-git-test",
  "version": "1.0.0",
  "lockfileVersion": 2,
  "requires": true,
  "packages": {
    "": {
      "name": "npm-git-test",
      "dependencies": {
        "npm-git-dep-test": "github:kristoffer-zliide/npm-git-dep-test#9e32a70222842ce2033fb876d4af8182f369f22b"
      }
    },
    "node_modules/npm-git-dep-test": {
      "version": "1.0.0",
      "resolved": "git+ssh://git@github.com/kristoffer-zliide/npm-git-dep-test.git#9e32a70222842ce2033fb876d4af8182f369f22b",
      "integrity": "sha512-iWdHaexWcOA0KPZtqFHI89eCkA34AB3wQCBJ8sP4Umcxqt0jWzL1N3o0KPB2vZD6+AqW03q/hn1i31Y3hmgvHQ==",
      "license": "ISC"
    }
  },
  "dependencies": {
    "npm-git-dep-test": {
      "version": "git+ssh://git@github.com/kristoffer-zliide/npm-git-dep-test.git#9e32a70222842ce2033fb876d4af8182f369f22b",
      "integrity": "sha512-iWdHaexWcOA0KPZtqFHI89eCkA34AB3wQCBJ8sP4Umcxqt0jWzL1N3o0KPB2vZD6+AqW03q/hn1i31Y3hmgvHQ==",
      "from": "npm-git-dep-test@git+ssh://git@github.com/kristoffer-zliide/npm-git-dep-test.git#9e32a70222842ce2033fb876d4af8182f369f22b"
    }
  }
}
